{
  "version": 1,
  "dependencies": {
    "net10.0": {
      "Google.Protobuf": {
        "type": "Direct",
        "requested": "[3.36.2, )",
        "resolved": "3.36.2",
        "contentHash": "Ci1q1iJg74qAE5riTA2FbMS0wPbpruPQI/JQ9DrAsRo2VsSxgt1e/pmxGxgrci+pXJEgrSYg2vPl8rrStZkclQ=="
      },
      "Google.Protobuf.Tools": {
        "type": "Direct",
        "requested": "[3.36.2, )",
        "resolved": "3.36.2",
        "contentHash": "NBVZBXcHIztsG0r/9IlkMWv16krc0wlZp1l0cgi5K538eIw7xakkb7RLqcFK4CeUioVu7TUEy8OMIjc8uVLUqg=="
      },
      "Hi3Helper.ZstdNet": {
        "type": "Direct",
        "requested": "[1.6.9, )",
        "resolved": "1.6.9",
        "contentHash": "AysVvAAN/jC5Ac8eh1XgnM35jqJ6G6+g28oEXsGq+K8WSt92oABUgZedctRTWP6eg45H8Pr+VZq6Z1dvPuxL6w=="
      },
      "Microsoft.NET.ILLink.Tasks": {
        "type": "Direct",
        "requested": "[10.0.12, )",
        "resolved": "10.0.12",
        "contentHash": "xi+BDjFpW+Sb+MHFHaH6Y/gV9I8BluFwRXc1QyCdoZbIK26eNiBeFuMTe/FMwc33G1wdHCyDg7CVTmb8OdQrMQ=="
      },
      "SharpHPatchZ": {
        "type": "Direct",
        "requested": "[3.1.0, )",
        "resolved": "3.1.0",
        "contentHash": "3o+WTgAnNjzw5qWpmUAGwAgwvmC9dYYbT0ZiH+3hQVX/sdRerkPHuUsr7JxqXi5opKCQzhWaw/TZxXFme78EGQ==",
        "dependencies": {
          "Hi3Helper.ZstdNet": "1.6.7",
          "System.IO.Hashing": "10.0.11",
          "ZstdSharp.Port": "0.8.8"
        }
      },
      "System.IO.Hashing": {
        "type": "Direct",
        "requested": "[10.0.12, )",
        "resolved": "10.0.12",
        "contentHash": "jDix4bBMYnpZdSPcnY+KDV6ik3SRMzpMKby/bZl/XUwIiflwRNAFZ0oOl61R/pSaveIJ8t1gs2BUlrGsPs/bcg=="
      },
      "ZstdSharp.Port": {
        "type": "Transitive",
        "resolved": "0.8.8",
        "contentHash": "UIDFkA5DC3en3tOJ3Mof11yBx9kUQLsaeo/oFdvN6Bbkr9E9+VCqfIadHci8cu+I51K2Sl7XYWVl2R/mA75NBQ=="
      }
    }
  }
}