{
  "version": 1,
  "dependencies": {
    "net10.0": {
      "Google.Protobuf": {
        "type": "Direct",
        "requested": "[3.35.1, )",
        "resolved": "3.35.1",
        "contentHash": "pxtkuXhR8svkvDTQrYew9GZQt6eWhblz/V/WKUFrQgkHYlQPsumJTeF6ppHRJpe6j9ffukkd5lQULiiKaek4xA=="
      },
      "Google.Protobuf.Tools": {
        "type": "Direct",
        "requested": "[3.35.1, )",
        "resolved": "3.35.1",
        "contentHash": "tM2NOWuOYMGjU3zIRqTl8LBt6YgeRXVKHRPCf1T+dTac9sW0WYYFmrkPq6lzgrxflGOk8r6PtDBbj0OjqOPrvA=="
      },
      "Hi3Helper.ZstdNet": {
        "type": "Direct",
        "requested": "[*, )",
        "resolved": "1.6.5",
        "contentHash": "0Voe4Vi/kcUR+/33mOIKcJlP73oK9iauA2MuHXB0IHDvrbzT02L/2tfyTe621904LzN2zaML7JGKnOOLzuzmFQ=="
      },
      "Microsoft.NET.ILLink.Tasks": {
        "type": "Direct",
        "requested": "[10.0.9, )",
        "resolved": "10.0.9",
        "contentHash": "4Iw41e2h7I4t70SJcX2GCmbyKJIlA273Cfm9RJMM050/3VBejGAG1KcthP5Z2L6SQcbfbf6BhNWO26+ZG+GzMg=="
      },
      "SharpHDiffPatch.Core": {
        "type": "Direct",
        "requested": "[*, )",
        "resolved": "2.4.0",
        "contentHash": "1Ml6JmXTwX6zYFsTghNTOOCB8SLLGLABNCIFQPvGNXhJhMjZS3APZkEQdbCgWsB+Ljmyv9UxoJPXAYjL5xdV1g==",
        "dependencies": {
          "Hi3Helper.ZstdNet": "1.6.5",
          "ZstdSharp.Port": "0.8.8"
        }
      },
      "System.IO.Hashing": {
        "type": "Direct",
        "requested": "[10.0.9, )",
        "resolved": "10.0.9",
        "contentHash": "vixglGnKEexAJDeIRhyayZYzxyrgK1K9GU3K/zRZVwDbaDcMkSqj4WDHoVmQMNfsdUtLALfNSJw6mBIpdxie4A=="
      },
      "ZstdSharp.Port": {
        "type": "Transitive",
        "resolved": "0.8.8",
        "contentHash": "UIDFkA5DC3en3tOJ3Mof11yBx9kUQLsaeo/oFdvN6Bbkr9E9+VCqfIadHci8cu+I51K2Sl7XYWVl2R/mA75NBQ=="
      }
    }
  }
}