{
  "version": 1,
  "dependencies": {
    "net9.0": {
      "Google.Protobuf": {
        "type": "Direct",
        "requested": "[3.32.0, )",
        "resolved": "3.32.0",
        "contentHash": "fsKxV5bhcvXmZi+cUo5+IxzRMBHwHeFO8G5utNa9f+Mu37kmfy8JcUVvWPt4cX7EuQWAjjHUjZqVl7nGSTRHRg=="
      },
      "Google.Protobuf.Tools": {
        "type": "Direct",
        "requested": "[3.32.0, )",
        "resolved": "3.32.0",
        "contentHash": "CqgBAbK+AakIgGMRryGJrY5LCgfeFdoagGYSSCoaMXu07/gM3iiF0+RT96smSZOXxZhX6WArpEJidfRlN2k4IQ=="
      },
      "Hi3Helper.ZstdNet": {
        "type": "Direct",
        "requested": "[*, )",
        "resolved": "1.6.5",
        "contentHash": "0Voe4Vi/kcUR+/33mOIKcJlP73oK9iauA2MuHXB0IHDvrbzT02L/2tfyTe621904LzN2zaML7JGKnOOLzuzmFQ=="
      },
      "Microsoft.DotNet.ILCompiler": {
        "type": "Direct",
        "requested": "[9.0.8, )",
        "resolved": "9.0.8",
        "contentHash": "cMwVh5hsxAhv+oMHQdgcXodt2kDpfviofBO4IXupSAHJW2vZOZOOIhvPWRGO6NeGcP8SR4OpSwktRqb0i79KFA=="
      },
      "Microsoft.NET.ILLink.Tasks": {
        "type": "Direct",
        "requested": "[9.0.8, )",
        "resolved": "9.0.8",
        "contentHash": "rd1CbIsMtVPtZNTIVD6Xydue//klYOOQIDpRgu3BHtv17AlpRs74/6QFbcYgMm/jL+naVU2T3OFLxVSLV5lQLQ=="
      },
      "SharpHDiffPatch.Core": {
        "type": "Direct",
        "requested": "[*, )",
        "resolved": "2.3.4",
        "contentHash": "Id0lCnBTvvFRUQl6EArE449RmPh/hqjxnhDxQLUgIMMad2nF2ryY7Hh1oKazumgk0Ov7c5/aLiAA6lYCfv1mMw==",
        "dependencies": {
          "Hi3Helper.ZstdNet": "1.6.5",
          "ZstdSharp.Port": "0.8.6"
        }
      },
      "System.IO.Hashing": {
        "type": "Direct",
        "requested": "[*, )",
        "resolved": "9.0.9",
        "contentHash": "hcGHdlcKtox37LQZBLYJ3GdTlHx16F5tL96Rt8iaFscCAJW9IZt3asQbyuJMjcM9oyrn3Yh2454VY2fU0d/stw=="
      },
      "ZstdSharp.Port": {
        "type": "Transitive",
        "resolved": "0.8.6",
        "contentHash": "iP4jVLQoQmUjMU88g1WObiNr6YKZGvh4aOXn3yOJsHqZsflwRsxZPcIBvNXgjXO3vQKSLctXGLTpcBPLnWPS8A=="
      }
    },
    "net9.0/win-x64": {
      "Microsoft.DotNet.ILCompiler": {
        "type": "Direct",
        "requested": "[9.0.8, )",
        "resolved": "9.0.8",
        "contentHash": "cMwVh5hsxAhv+oMHQdgcXodt2kDpfviofBO4IXupSAHJW2vZOZOOIhvPWRGO6NeGcP8SR4OpSwktRqb0i79KFA==",
        "dependencies": {
          "runtime.win-x64.Microsoft.DotNet.ILCompiler": "9.0.8"
        }
      },
      "runtime.win-x64.Microsoft.DotNet.ILCompiler": {
        "type": "Transitive",
        "resolved": "9.0.8",
        "contentHash": "VnA7D8XxNK1cNc2wlHCkdgDiTzCktzIixNYw0kyG7cy7fxXA07vkdLFXP72Cct4/7c7i8PL6JK3eTDqK/x6quQ=="
      }
    }
  }
}